
Microsoft Visual Studio Solution File, Format Version 12.00
# Visual Studio 15
VisualStudioVersion = 15.0.28307.421
MinimumVisualStudioVersion = 10.0.40219.1
Project("{FAE04EC0-301F-11D3-BF4B-00C04F79EFBC}") = "ConsoleApp1", "ConsoleApp1\ConsoleApp1.csproj", "{A61E2F3B-C446-4CA7-88F9-BBAFD696B2E2}"
EndProject
Project("{FAE04EC0-301F-11D3-BF4B-00C04F79EFBC}") = "ClassLibrary1", "ClassLibrary1\ClassLibrary1.csproj", "{D2AE1A6A-5BA9-4ACB-9CE8-A7201442AFFD}"
EndProject
Global
	GlobalSection(SolutionConfigurationPlatforms) = preSolution
		Debug|Any CPU = Debug|Any CPU
		Release|Any CPU = Release|Any CPU
	EndGlobalSection
	GlobalSection(ProjectConfigurationPlatforms) = postSolution
		{A61E2F3B-C446-4CA7-88F9-BBAFD696B2E2}.Debug|Any CPU.ActiveCfg = Debug|Any CPU
		{A61E2F3B-C446-4CA7-88F9-BBAFD696B2E2}.Debug|Any CPU.Build.0 = Debug|Any CPU
		{A61E2F3B-C446-4CA7-88F9-BBAFD696B2E2}.Release|Any CPU.ActiveCfg = Release|Any CPU
		{A61E2F3B-C446-4CA7-88F9-BBAFD696B2E2}.Release|Any CPU.Build.0 = Release|Any CPU
		{D2AE1A6A-5BA9-4ACB-9CE8-A7201442AFFD}.Debug|Any CPU.ActiveCfg = Debug|Any CPU
		{D2AE1A6A-5BA9-4ACB-9CE8-A7201442AFFD}.Debug|Any CPU.Build.0 = Debug|Any CPU
		{D2AE1A6A-5BA9-4ACB-9CE8-A7201442AFFD}.Release|Any CPU.ActiveCfg = Release|Any CPU
		{D2AE1A6A-5BA9-4ACB-9CE8-A7201442AFFD}.Release|Any CPU.Build.0 = Release|Any CPU
	EndGlobalSection
	GlobalSection(SolutionProperties) = preSolution
		HideSolutionNode = FALSE
	EndGlobalSection
	GlobalSection(ExtensibilityGlobals) = postSolution
		SolutionGuid = {A635F448-F5C5-4D4C-B2FA-051BD652B7FB}
	EndGlobalSection
EndGlobal
